
Microsoft Visual Studio Solution File, Format Version 12.00
# Visual Studio Version 17
VisualStudioVersion = 17.8.34511.84
MinimumVisualStudioVersion = 10.0.40219.1
Project("{9A19103F-16F7-4668-BE54-9A1E7A4F7556}") = "CrimeAnalysisReportingSystem", "CrimeAnalysisReportingSystem\CrimeAnalysisReportingSystem.csproj", "{A87FFD23-C51D-4604-B0BE-94065D0D6F59}"
EndProject
Project("{FAE04EC0-301F-11D3-BF4B-00C04F79EFBC}") = "CrimeAnalysisReportingSystem.Test", "CrimeAnalysisReportingSystem.Test\CrimeAnalysisReportingSystem.Test.csproj", "{9021F7D5-F2DE-458B-BD55-9791EEC5C74C}"
EndProject
Global
	GlobalSection(SolutionConfigurationPlatforms) = preSolution
		Debug|Any CPU = Debug|Any CPU
		Release|Any CPU = Release|Any CPU
	EndGlobalSection
	GlobalSection(ProjectConfigurationPlatforms) = postSolution
		{A87FFD23-C51D-4604-B0BE-94065D0D6F59}.Debug|Any CPU.ActiveCfg = Debug|Any CPU
		{A87FFD23-C51D-4604-B0BE-94065D0D6F59}.Debug|Any CPU.Build.0 = Debug|Any CPU
		{A87FFD23-C51D-4604-B0BE-94065D0D6F59}.Release|Any CPU.ActiveCfg = Release|Any CPU
		{A87FFD23-C51D-4604-B0BE-94065D0D6F59}.Release|Any CPU.Build.0 = Release|Any CPU
		{9021F7D5-F2DE-458B-BD55-9791EEC5C74C}.Debug|Any CPU.ActiveCfg = Debug|Any CPU
		{9021F7D5-F2DE-458B-BD55-9791EEC5C74C}.Debug|Any CPU.Build.0 = Debug|Any CPU
		{9021F7D5-F2DE-458B-BD55-9791EEC5C74C}.Release|Any CPU.ActiveCfg = Release|Any CPU
		{9021F7D5-F2DE-458B-BD55-9791EEC5C74C}.Release|Any CPU.Build.0 = Release|Any CPU
	EndGlobalSection
	GlobalSection(SolutionProperties) = preSolution
		HideSolutionNode = FALSE
	EndGlobalSection
	GlobalSection(ExtensibilityGlobals) = postSolution
		SolutionGuid = {EE68DC37-BCFE-42A6-AD57-BF9B0D426DB1}
	EndGlobalSection
EndGlobal
